
Microsoft Visual Studio Solution File, Format Version 12.00
# Visual Studio 14
VisualStudioVersion = 14.0.25420.1
MinimumVisualStudioVersion = 10.0.40219.1
Project("{159641D6-6404-4A2A-AE62-294DE0FE8301}") = "etl_Esquelas_desafio3", "etl_Esquelas_desafio3.dtproj", "{6E6189E0-462F-421A-B4CC-B6DFA6ACB0AC}"
EndProject
Global
	GlobalSection(SolutionConfigurationPlatforms) = preSolution
		Development|Default = Development|Default
	EndGlobalSection
	GlobalSection(ProjectConfigurationPlatforms) = postSolution
		{6E6189E0-462F-421A-B4CC-B6DFA6ACB0AC}.Development|Default.ActiveCfg = Development
		{6E6189E0-462F-421A-B4CC-B6DFA6ACB0AC}.Development|Default.Build.0 = Development
	EndGlobalSection
	GlobalSection(SolutionProperties) = preSolution
		HideSolutionNode = FALSE
	EndGlobalSection
EndGlobal
