
Microsoft Visual Studio Solution File, Format Version 12.00
# Visual Studio 14
VisualStudioVersion = 14.0.25420.1
MinimumVisualStudioVersion = 10.0.40219.1
Project("{D2ABAB84-BF74-430A-B69E-9DC6D40DDA17}") = "Cubo_AdventureWorks2012", "Cubo_AdventureWorks2012.dwproj", "{8B522ECD-2EE1-40D9-9B61-A7C67855992C}"
EndProject
Global
	GlobalSection(SolutionConfigurationPlatforms) = preSolution
		Development|Default = Development|Default
	EndGlobalSection
	GlobalSection(ProjectConfigurationPlatforms) = postSolution
		{8B522ECD-2EE1-40D9-9B61-A7C67855992C}.Development|Default.ActiveCfg = Development
		{8B522ECD-2EE1-40D9-9B61-A7C67855992C}.Development|Default.Build.0 = Development
		{8B522ECD-2EE1-40D9-9B61-A7C67855992C}.Development|Default.Deploy.0 = Development
	EndGlobalSection
	GlobalSection(SolutionProperties) = preSolution
		HideSolutionNode = FALSE
	EndGlobalSection
EndGlobal
