
Microsoft Visual Studio Solution File, Format Version 12.00
# Visual Studio 14
VisualStudioVersion = 14.0.25420.1
MinimumVisualStudioVersion = 10.0.40219.1
Project("{D2ABAB84-BF74-430A-B69E-9DC6D40DDA17}") = "Desfio 2 DMD", "Desfio 2 DMD.dwproj", "{0A5DED8F-806D-489F-A3B6-B2BBE270FDB1}"
EndProject
Global
	GlobalSection(SolutionConfigurationPlatforms) = preSolution
		Development|Default = Development|Default
	EndGlobalSection
	GlobalSection(ProjectConfigurationPlatforms) = postSolution
		{0A5DED8F-806D-489F-A3B6-B2BBE270FDB1}.Development|Default.ActiveCfg = Development
		{0A5DED8F-806D-489F-A3B6-B2BBE270FDB1}.Development|Default.Build.0 = Development
		{0A5DED8F-806D-489F-A3B6-B2BBE270FDB1}.Development|Default.Deploy.0 = Development
	EndGlobalSection
	GlobalSection(SolutionProperties) = preSolution
		HideSolutionNode = FALSE
	EndGlobalSection
EndGlobal
