
Microsoft Visual Studio Solution File, Format Version 12.00
# Visual Studio 14
VisualStudioVersion = 14.0.25420.1
MinimumVisualStudioVersion = 10.0.40219.1
Project("{D2ABAB84-BF74-430A-B69E-9DC6D40DDA17}") = "Guia5_Cubos", "Guia5_Cubos.dwproj", "{7411DAA3-B147-40C4-9AD0-A72BE7126E15}"
EndProject
Global
	GlobalSection(SolutionConfigurationPlatforms) = preSolution
		Development|Default = Development|Default
	EndGlobalSection
	GlobalSection(ProjectConfigurationPlatforms) = postSolution
		{7411DAA3-B147-40C4-9AD0-A72BE7126E15}.Development|Default.ActiveCfg = Development
		{7411DAA3-B147-40C4-9AD0-A72BE7126E15}.Development|Default.Build.0 = Development
		{7411DAA3-B147-40C4-9AD0-A72BE7126E15}.Development|Default.Deploy.0 = Development
	EndGlobalSection
	GlobalSection(SolutionProperties) = preSolution
		HideSolutionNode = FALSE
	EndGlobalSection
EndGlobal
